// !$*UTF8*$!
{
	archiveVersion = 1;
	classes = {
	};
	objectVersion = 50;
	objects = {

/* Begin PBXBuildFile section */
		D3161D2420D748F800EC97E8 /* main.swift in Sources */ = {isa = PBXBuildFile; fileRef = D3161D2320D748F800EC97E8 /* main.swift */; };
		D3161D2D20D749BD00EC97E8 /* protocols.swift in Sources */ = {isa = PBXBuildFile; fileRef = D3161D2C20D749BD00EC97E8 /* protocols.swift */; };
		D39C532121364636001AD9DC /* CollectionTests.swift in Sources */ = {isa = PBXBuildFile; fileRef = D39C532021364636001AD9DC /* CollectionTests.swift */; };
		D39C53232136464E001AD9DC /* Collection.swift in Sources */ = {isa = PBXBuildFile; fileRef = D39C53222136464E001AD9DC /* Collection.swift */; };
		D39C53242136464E001AD9DC /* Collection.swift in Sources */ = {isa = PBXBuildFile; fileRef = D39C53222136464E001AD9DC /* Collection.swift */; };
		D39C532621364CC8001AD9DC /* JsonTestStrings.swift in Sources */ = {isa = PBXBuildFile; fileRef = D39C532521364CC8001AD9DC /* JsonTestStrings.swift */; };
		D39C536F213CCA32001AD9DC /* CommandTests.swift in Sources */ = {isa = PBXBuildFile; fileRef = D39C536E213CCA32001AD9DC /* CommandTests.swift */; };
		D39C5371213CD6C1001AD9DC /* SaveTests.swift in Sources */ = {isa = PBXBuildFile; fileRef = D39C5370213CD6C1001AD9DC /* SaveTests.swift */; };
		D3A241E62133AE390061C4F3 /* commands.swift in Sources */ = {isa = PBXBuildFile; fileRef = D3A241E52133AE390061C4F3 /* commands.swift */; };
		D3A241EE2133B0720061C4F3 /* MediaLibraryManagerTests.swift in Sources */ = {isa = PBXBuildFile; fileRef = D3A241ED2133B0720061C4F3 /* MediaLibraryManagerTests.swift */; };
		D3A241F82133B0D90061C4F3 /* LoadTests.swift in Sources */ = {isa = PBXBuildFile; fileRef = D3A241F72133B0D90061C4F3 /* LoadTests.swift */; };
		D3A241FA2133B1630061C4F3 /* Metadata.swift in Sources */ = {isa = PBXBuildFile; fileRef = D3A241F92133B1630061C4F3 /* Metadata.swift */; };
		D3A241FC2133B2070061C4F3 /* File.swift in Sources */ = {isa = PBXBuildFile; fileRef = D3A241FB2133B2070061C4F3 /* File.swift */; };
		D3A242122133C0960061C4F3 /* IO.swift in Sources */ = {isa = PBXBuildFile; fileRef = D3A242112133C0960061C4F3 /* IO.swift */; };
		D3A2421E2134B83C0061C4F3 /* commands.swift in Sources */ = {isa = PBXBuildFile; fileRef = D3A241E52133AE390061C4F3 /* commands.swift */; };
		D3A2421F2134B83C0061C4F3 /* protocols.swift in Sources */ = {isa = PBXBuildFile; fileRef = D3161D2C20D749BD00EC97E8 /* protocols.swift */; };
		D3A242202134B83C0061C4F3 /* main.swift in Sources */ = {isa = PBXBuildFile; fileRef = D3161D2320D748F800EC97E8 /* main.swift */; };
		D3A242212134B83C0061C4F3 /* cli.swift in Sources */ = {isa = PBXBuildFile; fileRef = D3CB3A9C20DB264200AF519E /* cli.swift */; };
		D3A242222134B83C0061C4F3 /* Metadata.swift in Sources */ = {isa = PBXBuildFile; fileRef = D3A241F92133B1630061C4F3 /* Metadata.swift */; };
		D3A242232134B83C0061C4F3 /* File.swift in Sources */ = {isa = PBXBuildFile; fileRef = D3A241FB2133B2070061C4F3 /* File.swift */; };
		D3A242242134B83C0061C4F3 /* IO.swift in Sources */ = {isa = PBXBuildFile; fileRef = D3A242112133C0960061C4F3 /* IO.swift */; };
		D3A242262134FDBD0061C4F3 /* ValidationTests.swift in Sources */ = {isa = PBXBuildFile; fileRef = D3A242252134FDBD0061C4F3 /* ValidationTests.swift */; };
		D3A24228213502A30061C4F3 /* Validate.swift in Sources */ = {isa = PBXBuildFile; fileRef = D3A24227213502A30061C4F3 /* Validate.swift */; };
		D3A242292135405D0061C4F3 /* Validate.swift in Sources */ = {isa = PBXBuildFile; fileRef = D3A24227213502A30061C4F3 /* Validate.swift */; };
		D3CB3A9D20DB264200AF519E /* cli.swift in Sources */ = {isa = PBXBuildFile; fileRef = D3CB3A9C20DB264200AF519E /* cli.swift */; };
		D3F753202140F23D005C7C67 /* Index.swift in Sources */ = {isa = PBXBuildFile; fileRef = D3F7531F2140F23D005C7C67 /* Index.swift */; };
		D3F753212140F267005C7C67 /* Index.swift in Sources */ = {isa = PBXBuildFile; fileRef = D3F7531F2140F23D005C7C67 /* Index.swift */; };
		D3F75323214240CE005C7C67 /* IndexerTests.swift in Sources */ = {isa = PBXBuildFile; fileRef = D3F75322214240CE005C7C67 /* IndexerTests.swift */; };
/* End PBXBuildFile section */

/* Begin PBXCopyFilesBuildPhase section */
		D3161D1E20D748F800EC97E8 /* CopyFiles */ = {
			isa = PBXCopyFilesBuildPhase;
			buildActionMask = 2147483647;
			dstPath = /usr/share/man/man1/;
			dstSubfolderSpec = 0;
			files = (
			);
			runOnlyForDeploymentPostprocessing = 1;
		};
/* End PBXCopyFilesBuildPhase section */

/* Begin PBXFileReference section */
		D3161D2020D748F800EC97E8 /* MediaLibraryManager */ = {isa = PBXFileReference; explicitFileType = "compiled.mach-o.executable"; includeInIndex = 0; path = MediaLibraryManager; sourceTree = BUILT_PRODUCTS_DIR; };
		D3161D2320D748F800EC97E8 /* main.swift */ = {isa = PBXFileReference; lastKnownFileType = sourcecode.swift; path = main.swift; sourceTree = "<group>"; };
		D3161D2C20D749BD00EC97E8 /* protocols.swift */ = {isa = PBXFileReference; lastKnownFileType = sourcecode.swift; path = protocols.swift; sourceTree = "<group>"; };
		D39C532021364636001AD9DC /* CollectionTests.swift */ = {isa = PBXFileReference; lastKnownFileType = sourcecode.swift; path = CollectionTests.swift; sourceTree = "<group>"; };
		D39C53222136464E001AD9DC /* Collection.swift */ = {isa = PBXFileReference; lastKnownFileType = sourcecode.swift; path = Collection.swift; sourceTree = "<group>"; };
		D39C532521364CC8001AD9DC /* JsonTestStrings.swift */ = {isa = PBXFileReference; lastKnownFileType = sourcecode.swift; path = JsonTestStrings.swift; sourceTree = "<group>"; };
		D39C536E213CCA32001AD9DC /* CommandTests.swift */ = {isa = PBXFileReference; lastKnownFileType = sourcecode.swift; path = CommandTests.swift; sourceTree = "<group>"; };
		D39C5370213CD6C1001AD9DC /* SaveTests.swift */ = {isa = PBXFileReference; lastKnownFileType = sourcecode.swift; path = SaveTests.swift; sourceTree = "<group>"; };
		D3A241E52133AE390061C4F3 /* commands.swift */ = {isa = PBXFileReference; fileEncoding = 4; lastKnownFileType = sourcecode.swift; path = commands.swift; sourceTree = "<group>"; };
		D3A241EB2133B0720061C4F3 /* MediaLibraryManagerTests.xctest */ = {isa = PBXFileReference; explicitFileType = wrapper.cfbundle; includeInIndex = 0; path = MediaLibraryManagerTests.xctest; sourceTree = BUILT_PRODUCTS_DIR; };
		D3A241ED2133B0720061C4F3 /* MediaLibraryManagerTests.swift */ = {isa = PBXFileReference; lastKnownFileType = sourcecode.swift; path = MediaLibraryManagerTests.swift; sourceTree = "<group>"; };
		D3A241EF2133B0720061C4F3 /* Info.plist */ = {isa = PBXFileReference; lastKnownFileType = text.plist.xml; path = Info.plist; sourceTree = "<group>"; };
		D3A241F72133B0D90061C4F3 /* LoadTests.swift */ = {isa = PBXFileReference; lastKnownFileType = sourcecode.swift; path = LoadTests.swift; sourceTree = "<group>"; };
		D3A241F92133B1630061C4F3 /* Metadata.swift */ = {isa = PBXFileReference; lastKnownFileType = sourcecode.swift; path = Metadata.swift; sourceTree = "<group>"; };
		D3A241FB2133B2070061C4F3 /* File.swift */ = {isa = PBXFileReference; lastKnownFileType = sourcecode.swift; path = File.swift; sourceTree = "<group>"; };
		D3A242112133C0960061C4F3 /* IO.swift */ = {isa = PBXFileReference; lastKnownFileType = sourcecode.swift; path = IO.swift; sourceTree = "<group>"; };
		D3A2421D2134B62C0061C4F3 /* test.json */ = {isa = PBXFileReference; lastKnownFileType = text.json; path = test.json; sourceTree = "<group>"; };
		D3A242252134FDBD0061C4F3 /* ValidationTests.swift */ = {isa = PBXFileReference; lastKnownFileType = sourcecode.swift; path = ValidationTests.swift; sourceTree = "<group>"; };
		D3A24227213502A30061C4F3 /* Validate.swift */ = {isa = PBXFileReference; lastKnownFileType = sourcecode.swift; path = Validate.swift; sourceTree = "<group>"; };
		D3CB3A9C20DB264200AF519E /* cli.swift */ = {isa = PBXFileReference; lastKnownFileType = sourcecode.swift; path = cli.swift; sourceTree = "<group>"; };
		D3F7531F2140F23D005C7C67 /* Index.swift */ = {isa = PBXFileReference; lastKnownFileType = sourcecode.swift; path = Index.swift; sourceTree = "<group>"; };
		D3F75322214240CE005C7C67 /* IndexerTests.swift */ = {isa = PBXFileReference; lastKnownFileType = sourcecode.swift; path = IndexerTests.swift; sourceTree = "<group>"; };
/* End PBXFileReference section */

/* Begin PBXFrameworksBuildPhase section */
		D3161D1D20D748F800EC97E8 /* Frameworks */ = {
			isa = PBXFrameworksBuildPhase;
			buildActionMask = 2147483647;
			files = (
			);
			runOnlyForDeploymentPostprocessing = 0;
		};
		D3A241E82133B0720061C4F3 /* Frameworks */ = {
			isa = PBXFrameworksBuildPhase;
			buildActionMask = 2147483647;
			files = (
			);
			runOnlyForDeploymentPostprocessing = 0;
		};
/* End PBXFrameworksBuildPhase section */

/* Begin PBXGroup section */
		D3161D1720D748F800EC97E8 = {
			isa = PBXGroup;
			children = (
				D3161D2220D748F800EC97E8 /* MediaLibraryManager */,
				D3A241EC2133B0720061C4F3 /* MediaLibraryManagerTests */,
				D3161D2120D748F800EC97E8 /* Products */,
			);
			sourceTree = "<group>";
		};
		D3161D2120D748F800EC97E8 /* Products */ = {
			isa = PBXGroup;
			children = (
				D3161D2020D748F800EC97E8 /* MediaLibraryManager */,
				D3A241EB2133B0720061C4F3 /* MediaLibraryManagerTests.xctest */,
			);
			name = Products;
			sourceTree = "<group>";
		};
		D3161D2220D748F800EC97E8 /* MediaLibraryManager */ = {
			isa = PBXGroup;
			children = (
				D3A241E52133AE390061C4F3 /* commands.swift */,
				D3161D2C20D749BD00EC97E8 /* protocols.swift */,
				D3161D2320D748F800EC97E8 /* main.swift */,
				D3CB3A9C20DB264200AF519E /* cli.swift */,
				D3A241F92133B1630061C4F3 /* Metadata.swift */,
				D3A241FB2133B2070061C4F3 /* File.swift */,
				D3A242112133C0960061C4F3 /* IO.swift */,
				D3A2421D2134B62C0061C4F3 /* test.json */,
				D3A24227213502A30061C4F3 /* Validate.swift */,
				D39C53222136464E001AD9DC /* Collection.swift */,
				D3F7531F2140F23D005C7C67 /* Index.swift */,
			);
			path = MediaLibraryManager;
			sourceTree = "<group>";
		};
		D3A241EC2133B0720061C4F3 /* MediaLibraryManagerTests */ = {
			isa = PBXGroup;
			children = (
				D3A241F72133B0D90061C4F3 /* LoadTests.swift */,
				D39C5370213CD6C1001AD9DC /* SaveTests.swift */,
				D3A242252134FDBD0061C4F3 /* ValidationTests.swift */,
				D3A241ED2133B0720061C4F3 /* MediaLibraryManagerTests.swift */,
				D3A241EF2133B0720061C4F3 /* Info.plist */,
				D39C532021364636001AD9DC /* CollectionTests.swift */,
				D39C532521364CC8001AD9DC /* JsonTestStrings.swift */,
				D39C536E213CCA32001AD9DC /* CommandTests.swift */,
				D3F75322214240CE005C7C67 /* IndexerTests.swift */,
			);
			path = MediaLibraryManagerTests;
			sourceTree = "<group>";
		};
/* End PBXGroup section */

/* Begin PBXNativeTarget section */
		D3161D1F20D748F800EC97E8 /* MediaLibraryManager */ = {
			isa = PBXNativeTarget;
			buildConfigurationList = D3161D2720D748F800EC97E8 /* Build configuration list for PBXNativeTarget "MediaLibraryManager" */;
			buildPhases = (
				D3161D1C20D748F800EC97E8 /* Sources */,
				D3161D1D20D748F800EC97E8 /* Frameworks */,
				D3161D1E20D748F800EC97E8 /* CopyFiles */,
				D3F7531E213F6CBD005C7C67 /* ShellScript */,
			);
			buildRules = (
			);
			dependencies = (
			);
			name = MediaLibraryManager;
			productName = MediaLibraryManager;
			productReference = D3161D2020D748F800EC97E8 /* MediaLibraryManager */;
			productType = "com.apple.product-type.tool";
		};
		D3A241EA2133B0720061C4F3 /* MediaLibraryManagerTests */ = {
			isa = PBXNativeTarget;
			buildConfigurationList = D3A241F02133B0720061C4F3 /* Build configuration list for PBXNativeTarget "MediaLibraryManagerTests" */;
			buildPhases = (
				D3A241E72133B0720061C4F3 /* Sources */,
				D3A241E82133B0720061C4F3 /* Frameworks */,
				D3A241E92133B0720061C4F3 /* Resources */,
			);
			buildRules = (
			);
			dependencies = (
			);
			name = MediaLibraryManagerTests;
			productName = MediaLibraryManagerTests;
			productReference = D3A241EB2133B0720061C4F3 /* MediaLibraryManagerTests.xctest */;
			productType = "com.apple.product-type.bundle.unit-test";
		};
/* End PBXNativeTarget section */

/* Begin PBXProject section */
		D3161D1820D748F800EC97E8 /* Project object */ = {
			isa = PBXProject;
			attributes = {
				LastSwiftUpdateCheck = 0940;
				LastUpgradeCheck = 0940;
				ORGANIZATIONNAME = "Paul Crane";
				TargetAttributes = {
					D3161D1F20D748F800EC97E8 = {
						CreatedOnToolsVersion = 9.4.1;
					};
					D3A241EA2133B0720061C4F3 = {
						CreatedOnToolsVersion = 9.4.1;
					};
				};
			};
			buildConfigurationList = D3161D1B20D748F800EC97E8 /* Build configuration list for PBXProject "MediaLibraryManager" */;
			compatibilityVersion = "Xcode 9.3";
			developmentRegion = en;
			hasScannedForEncodings = 0;
			knownRegions = (
				en,
			);
			mainGroup = D3161D1720D748F800EC97E8;
			productRefGroup = D3161D2120D748F800EC97E8 /* Products */;
			projectDirPath = "";
			projectRoot = "";
			targets = (
				D3161D1F20D748F800EC97E8 /* MediaLibraryManager */,
				D3A241EA2133B0720061C4F3 /* MediaLibraryManagerTests */,
			);
		};
/* End PBXProject section */

/* Begin PBXResourcesBuildPhase section */
		D3A241E92133B0720061C4F3 /* Resources */ = {
			isa = PBXResourcesBuildPhase;
			buildActionMask = 2147483647;
			files = (
			);
			runOnlyForDeploymentPostprocessing = 0;
		};
/* End PBXResourcesBuildPhase section */

/* Begin PBXShellScriptBuildPhase section */
		D3F7531E213F6CBD005C7C67 /* ShellScript */ = {
			isa = PBXShellScriptBuildPhase;
			buildActionMask = 2147483647;
			files = (
			);
			inputPaths = (
			);
			outputPaths = (
			);
			runOnlyForDeploymentPostprocessing = 0;
			shellPath = /bin/sh;
			shellScript = "if which swiftlint >/dev/null; then\n    swiftlint\nelse\n    echo \"warning: SwiftLint not installed, download from https://github.com/realm/SwiftLint\"\nfi";
		};
/* End PBXShellScriptBuildPhase section */

/* Begin PBXSourcesBuildPhase section */
		D3161D1C20D748F800EC97E8 /* Sources */ = {
			isa = PBXSourcesBuildPhase;
			buildActionMask = 2147483647;
			files = (
				D39C53232136464E001AD9DC /* Collection.swift in Sources */,
				D3A242122133C0960061C4F3 /* IO.swift in Sources */,
				D3CB3A9D20DB264200AF519E /* cli.swift in Sources */,
				D3A241FC2133B2070061C4F3 /* File.swift in Sources */,
				D3F753202140F23D005C7C67 /* Index.swift in Sources */,
				D3A24228213502A30061C4F3 /* Validate.swift in Sources */,
				D3161D2420D748F800EC97E8 /* main.swift in Sources */,
				D3A241FA2133B1630061C4F3 /* Metadata.swift in Sources */,
				D3161D2D20D749BD00EC97E8 /* protocols.swift in Sources */,
				D3A241E62133AE390061C4F3 /* commands.swift in Sources */,
			);
			runOnlyForDeploymentPostprocessing = 0;
		};
		D3A241E72133B0720061C4F3 /* Sources */ = {
			isa = PBXSourcesBuildPhase;
			buildActionMask = 2147483647;
			files = (
				D3F753212140F267005C7C67 /* Index.swift in Sources */,
				D3A2421E2134B83C0061C4F3 /* commands.swift in Sources */,
				D3A2421F2134B83C0061C4F3 /* protocols.swift in Sources */,
				D3A242202134B83C0061C4F3 /* main.swift in Sources */,
				D3A242212134B83C0061C4F3 /* cli.swift in Sources */,
				D3A242292135405D0061C4F3 /* Validate.swift in Sources */,
				D3A242262134FDBD0061C4F3 /* ValidationTests.swift in Sources */,
				D39C536F213CCA32001AD9DC /* CommandTests.swift in Sources */,
				D39C53242136464E001AD9DC /* Collection.swift in Sources */,
				D3A242222134B83C0061C4F3 /* Metadata.swift in Sources */,
				D39C532621364CC8001AD9DC /* JsonTestStrings.swift in Sources */,
				D39C532121364636001AD9DC /* CollectionTests.swift in Sources */,
				D3A242232134B83C0061C4F3 /* File.swift in Sources */,
				D39C5371213CD6C1001AD9DC /* SaveTests.swift in Sources */,
				D3A242242134B83C0061C4F3 /* IO.swift in Sources */,
				D3F75323214240CE005C7C67 /* IndexerTests.swift in Sources */,
				D3A241EE2133B0720061C4F3 /* MediaLibraryManagerTests.swift in Sources */,
				D3A241F82133B0D90061C4F3 /* LoadTests.swift in Sources */,
			);
			runOnlyForDeploymentPostprocessing = 0;
		};
/* End PBXSourcesBuildPhase section */

/* Begin XCBuildConfiguration section */
		D3161D2520D748F800EC97E8 /* Debug */ = {
			isa = XCBuildConfiguration;
			buildSettings = {
				ALWAYS_SEARCH_USER_PATHS = NO;
				CLANG_ANALYZER_NONNULL = YES;
				CLANG_ANALYZER_NUMBER_OBJECT_CONVERSION = YES_AGGRESSIVE;
				CLANG_CXX_LANGUAGE_STANDARD = "gnu++14";
				CLANG_CXX_LIBRARY = "libc++";
				CLANG_ENABLE_MODULES = YES;
				CLANG_ENABLE_OBJC_ARC = YES;
				CLANG_ENABLE_OBJC_WEAK = YES;
				CLANG_WARN_BLOCK_CAPTURE_AUTORELEASING = YES;
				CLANG_WARN_BOOL_CONVERSION = YES;
				CLANG_WARN_COMMA = YES;
				CLANG_WARN_CONSTANT_CONVERSION = YES;
				CLANG_WARN_DEPRECATED_OBJC_IMPLEMENTATIONS = YES;
				CLANG_WARN_DIRECT_OBJC_ISA_USAGE = YES_ERROR;
				CLANG_WARN_DOCUMENTATION_COMMENTS = YES;
				CLANG_WARN_EMPTY_BODY = YES;
				CLANG_WARN_ENUM_CONVERSION = YES;
				CLANG_WARN_INFINITE_RECURSION = YES;
				CLANG_WARN_INT_CONVERSION = YES;
				CLANG_WARN_NON_LITERAL_NULL_CONVERSION = YES;
				CLANG_WARN_OBJC_IMPLICIT_RETAIN_SELF = YES;
				CLANG_WARN_OBJC_LITERAL_CONVERSION = YES;
				CLANG_WARN_OBJC_ROOT_CLASS = YES_ERROR;
				CLANG_WARN_RANGE_LOOP_ANALYSIS = YES;
				CLANG_WARN_STRICT_PROTOTYPES = YES;
				CLANG_WARN_SUSPICIOUS_MOVE = YES;
				CLANG_WARN_UNGUARDED_AVAILABILITY = YES_AGGRESSIVE;
				CLANG_WARN_UNREACHABLE_CODE = YES;
				CLANG_WARN__DUPLICATE_METHOD_MATCH = YES;
				CODE_SIGN_IDENTITY = "-";
				COPY_PHASE_STRIP = NO;
				DEBUG_INFORMATION_FORMAT = dwarf;
				ENABLE_STRICT_OBJC_MSGSEND = YES;
				ENABLE_TESTABILITY = YES;
				GCC_C_LANGUAGE_STANDARD = gnu11;
				GCC_DYNAMIC_NO_PIC = NO;
				GCC_NO_COMMON_BLOCKS = YES;
				GCC_OPTIMIZATION_LEVEL = 0;
				GCC_PREPROCESSOR_DEFINITIONS = (
					"DEBUG=1",
					"$(inherited)",
				);
				GCC_WARN_64_TO_32_BIT_CONVERSION = YES;
				GCC_WARN_ABOUT_RETURN_TYPE = YES_ERROR;
				GCC_WARN_UNDECLARED_SELECTOR = YES;
				GCC_WARN_UNINITIALIZED_AUTOS = YES_AGGRESSIVE;
				GCC_WARN_UNUSED_FUNCTION = YES;
				GCC_WARN_UNUSED_VARIABLE = YES;
				MACOSX_DEPLOYMENT_TARGET = 10.13;
				MTL_ENABLE_DEBUG_INFO = YES;
				ONLY_ACTIVE_ARCH = YES;
				SDKROOT = macosx;
				SWIFT_ACTIVE_COMPILATION_CONDITIONS = DEBUG;
				SWIFT_OPTIMIZATION_LEVEL = "-Onone";
			};
			name = Debug;
		};
		D3161D2620D748F800EC97E8 /* Release */ = {
			isa = XCBuildConfiguration;
			buildSettings = {
				ALWAYS_SEARCH_USER_PATHS = NO;
				CLANG_ANALYZER_NONNULL = YES;
				CLANG_ANALYZER_NUMBER_OBJECT_CONVERSION = YES_AGGRESSIVE;
				CLANG_CXX_LANGUAGE_STANDARD = "gnu++14";
				CLANG_CXX_LIBRARY = "libc++";
				CLANG_ENABLE_MODULES = YES;
				CLANG_ENABLE_OBJC_ARC = YES;
				CLANG_ENABLE_OBJC_WEAK = YES;
				CLANG_WARN_BLOCK_CAPTURE_AUTORELEASING = YES;
				CLANG_WARN_BOOL_CONVERSION = YES;
				CLANG_WARN_COMMA = YES;
				CLANG_WARN_CONSTANT_CONVERSION = YES;
				CLANG_WARN_DEPRECATED_OBJC_IMPLEMENTATIONS = YES;
				CLANG_WARN_DIRECT_OBJC_ISA_USAGE = YES_ERROR;
				CLANG_WARN_DOCUMENTATION_COMMENTS = YES;
				CLANG_WARN_EMPTY_BODY = YES;
				CLANG_WARN_ENUM_CONVERSION = YES;
				CLANG_WARN_INFINITE_RECURSION = YES;
				CLANG_WARN_INT_CONVERSION = YES;
				CLANG_WARN_NON_LITERAL_NULL_CONVERSION = YES;
				CLANG_WARN_OBJC_IMPLICIT_RETAIN_SELF = YES;
				CLANG_WARN_OBJC_LITERAL_CONVERSION = YES;
				CLANG_WARN_OBJC_ROOT_CLASS = YES_ERROR;
				CLANG_WARN_RANGE_LOOP_ANALYSIS = YES;
				CLANG_WARN_STRICT_PROTOTYPES = YES;
				CLANG_WARN_SUSPICIOUS_MOVE = YES;
				CLANG_WARN_UNGUARDED_AVAILABILITY = YES_AGGRESSIVE;
				CLANG_WARN_UNREACHABLE_CODE = YES;
				CLANG_WARN__DUPLICATE_METHOD_MATCH = YES;
				CODE_SIGN_IDENTITY = "-";
				COPY_PHASE_STRIP = NO;
				DEBUG_INFORMATION_FORMAT = "dwarf-with-dsym";
				ENABLE_NS_ASSERTIONS = NO;
				ENABLE_STRICT_OBJC_MSGSEND = YES;
				GCC_C_LANGUAGE_STANDARD = gnu11;
				GCC_NO_COMMON_BLOCKS = YES;
				GCC_WARN_64_TO_32_BIT_CONVERSION = YES;
				GCC_WARN_ABOUT_RETURN_TYPE = YES_ERROR;
				GCC_WARN_UNDECLARED_SELECTOR = YES;
				GCC_WARN_UNINITIALIZED_AUTOS = YES_AGGRESSIVE;
				GCC_WARN_UNUSED_FUNCTION = YES;
				GCC_WARN_UNUSED_VARIABLE = YES;
				MACOSX_DEPLOYMENT_TARGET = 10.13;
				MTL_ENABLE_DEBUG_INFO = NO;
				SDKROOT = macosx;
				SWIFT_COMPILATION_MODE = wholemodule;
				SWIFT_OPTIMIZATION_LEVEL = "-O";
			};
			name = Release;
		};
		D3161D2820D748F800EC97E8 /* Debug */ = {
			isa = XCBuildConfiguration;
			buildSettings = {
				CODE_SIGN_STYLE = Automatic;
				PRODUCT_NAME = "$(TARGET_NAME)";
				SWIFT_VERSION = 4.0;
			};
			name = Debug;
		};
		D3161D2920D748F800EC97E8 /* Release */ = {
			isa = XCBuildConfiguration;
			buildSettings = {
				CODE_SIGN_STYLE = Automatic;
				PRODUCT_NAME = "$(TARGET_NAME)";
				SWIFT_VERSION = 4.0;
			};
			name = Release;
		};
		D3A241F12133B0720061C4F3 /* Debug */ = {
			isa = XCBuildConfiguration;
			buildSettings = {
				CODE_SIGN_IDENTITY = "Mac Developer";
				CODE_SIGN_STYLE = Automatic;
				COMBINE_HIDPI_IMAGES = YES;
				DEVELOPMENT_TEAM = LRKX363CSF;
				INFOPLIST_FILE = MediaLibraryManagerTests/Info.plist;
				LD_RUNPATH_SEARCH_PATHS = (
					"$(inherited)",
					"@executable_path/../Frameworks",
					"@loader_path/../Frameworks",
				);
				PRODUCT_BUNDLE_IDENTIFIER = nz.net.crane.paul.MediaLibraryManagerTests;
				PRODUCT_NAME = "$(TARGET_NAME)";
				SWIFT_VERSION = 4.0;
			};
			name = Debug;
		};
		D3A241F22133B0720061C4F3 /* Release */ = {
			isa = XCBuildConfiguration;
			buildSettings = {
				CODE_SIGN_IDENTITY = "Mac Developer";
				CODE_SIGN_STYLE = Automatic;
				COMBINE_HIDPI_IMAGES = YES;
				DEVELOPMENT_TEAM = LRKX363CSF;
				INFOPLIST_FILE = MediaLibraryManagerTests/Info.plist;
				LD_RUNPATH_SEARCH_PATHS = (
					"$(inherited)",
					"@executable_path/../Frameworks",
					"@loader_path/../Frameworks",
				);
				PRODUCT_BUNDLE_IDENTIFIER = nz.net.crane.paul.MediaLibraryManagerTests;
				PRODUCT_NAME = "$(TARGET_NAME)";
				SWIFT_VERSION = 4.0;
			};
			name = Release;
		};
/* End XCBuildConfiguration section */

/* Begin XCConfigurationList section */
		D3161D1B20D748F800EC97E8 /* Build configuration list for PBXProject "MediaLibraryManager" */ = {
			isa = XCConfigurationList;
			buildConfigurations = (
				D3161D2520D748F800EC97E8 /* Debug */,
				D3161D2620D748F800EC97E8 /* Release */,
			);
			defaultConfigurationIsVisible = 0;
			defaultConfigurationName = Release;
		};
		D3161D2720D748F800EC97E8 /* Build configuration list for PBXNativeTarget "MediaLibraryManager" */ = {
			isa = XCConfigurationList;
			buildConfigurations = (
				D3161D2820D748F800EC97E8 /* Debug */,
				D3161D2920D748F800EC97E8 /* Release */,
			);
			defaultConfigurationIsVisible = 0;
			defaultConfigurationName = Release;
		};
		D3A241F02133B0720061C4F3 /* Build configuration list for PBXNativeTarget "MediaLibraryManagerTests" */ = {
			isa = XCConfigurationList;
			buildConfigurations = (
				D3A241F12133B0720061C4F3 /* Debug */,
				D3A241F22133B0720061C4F3 /* Release */,
			);
			defaultConfigurationIsVisible = 0;
			defaultConfigurationName = Release;
		};
/* End XCConfigurationList section */
	};
	rootObject = D3161D1820D748F800EC97E8 /* Project object */;
}
